
Microsoft Visual Studio Solution File, Format Version 12.00
# Visual Studio 15
Project("{FAE04EC0-301F-11D3-BF4B-00C04F79EFBC}") = "Eye Tribe Test Project", "Eye Tribe Test Project.csproj", "{E8B6EFE3-A09D-1DCD-EFF1-86EFBC6223FD}"
EndProject
Project("{FAE04EC0-301F-11D3-BF4B-00C04F79EFBC}") = "Eye Tribe Test Project.Editor", "Eye Tribe Test Project.Editor.csproj", "{6955C2F1-3BA2-33D4-649E-453896A0760A}"
EndProject
Global
	GlobalSection(SolutionConfigurationPlatforms) = preSolution
		Debug|Any CPU = Debug|Any CPU
		Release|Any CPU = Release|Any CPU
	EndGlobalSection
	GlobalSection(ProjectConfigurationPlatforms) = postSolution
		{E8B6EFE3-A09D-1DCD-EFF1-86EFBC6223FD}.Debug|Any CPU.ActiveCfg = Debug|Any CPU
		{E8B6EFE3-A09D-1DCD-EFF1-86EFBC6223FD}.Debug|Any CPU.Build.0 = Debug|Any CPU
		{E8B6EFE3-A09D-1DCD-EFF1-86EFBC6223FD}.Release|Any CPU.ActiveCfg = Release|Any CPU
		{E8B6EFE3-A09D-1DCD-EFF1-86EFBC6223FD}.Release|Any CPU.Build.0 = Release|Any CPU
		{6955C2F1-3BA2-33D4-649E-453896A0760A}.Debug|Any CPU.ActiveCfg = Debug|Any CPU
		{6955C2F1-3BA2-33D4-649E-453896A0760A}.Debug|Any CPU.Build.0 = Debug|Any CPU
		{6955C2F1-3BA2-33D4-649E-453896A0760A}.Release|Any CPU.ActiveCfg = Release|Any CPU
		{6955C2F1-3BA2-33D4-649E-453896A0760A}.Release|Any CPU.Build.0 = Release|Any CPU
	EndGlobalSection
	GlobalSection(SolutionProperties) = preSolution
		HideSolutionNode = FALSE
	EndGlobalSection
EndGlobal
